lockfileVersion: '9.0'

settings:
  autoInstallPeers: true
  excludeLinksFromLockfile: false

importers:

  .:
    dependencies:
      artisan-uml:
        specifier: ^1.1.0
        version: 1.1.0

packages:

  artisan-uml@1.1.0:
    resolution: {integrity: sha512-QPLktpspZgSynBCZO49MZmsY9qqaTN5gY24yhfSvUJM6A3MBTPkK2Spjm8IqVBQOtrw/xrhynNZDu/lMWWolwg==}

snapshots:

  artisan-uml@1.1.0: {}
